// !$*UTF8*$!
{
	archiveVersion = 1;
	classes = {
	};
	objectVersion = 46;
	objects = {

/* Begin PBXBuildFile section */
		3E969E9F5A6B351E2116DD4E /* Pods_VideoDating.framework in Frameworks */ = {isa = PBXBuildFile; fileRef = 0AFA30C5D0A4ED1F5AAB40B3 /* Pods_VideoDating.framework */; settings = {ATTRIBUTES = (Weak, ); }; };
		910745E01B543E18004B927F /* VideoTypes.swift in Sources */ = {isa = PBXBuildFile; fileRef = 910745DF1B543E18004B927F /* VideoTypes.swift */; };
		910745E41B572C99004B927F /* EditVideosViewController.swift in Sources */ = {isa = PBXBuildFile; fileRef = 910745E31B572C99004B927F /* EditVideosViewController.swift */; };
		910745E61B586739004B927F /* NoProfileViewController.swift in Sources */ = {isa = PBXBuildFile; fileRef = 910745E51B586739004B927F /* NoProfileViewController.swift */; };
		9146FCE51B5E7A750013D73B /* SearchItemCell.swift in Sources */ = {isa = PBXBuildFile; fileRef = 9146FCE41B5E7A750013D73B /* SearchItemCell.swift */; };
		917280E61B7B80F700656CD1 /* Bolts.framework in Frameworks */ = {isa = PBXBuildFile; fileRef = 917280E41B7B80F700656CD1 /* Bolts.framework */; };
		917280E71B7B80F700656CD1 /* Parse.framework in Frameworks */ = {isa = PBXBuildFile; fileRef = 917280E51B7B80F700656CD1 /* Parse.framework */; };
		917280EA1B7B81D000656CD1 /* Accounts.framework in Frameworks */ = {isa = PBXBuildFile; fileRef = 917280E81B7B81D000656CD1 /* Accounts.framework */; };
		917280EB1B7B81D000656CD1 /* Social.framework in Frameworks */ = {isa = PBXBuildFile; fileRef = 917280E91B7B81D000656CD1 /* Social.framework */; };
		917280ED1B7B884000656CD1 /* HelpViewController.swift in Sources */ = {isa = PBXBuildFile; fileRef = 917280EC1B7B884000656CD1 /* HelpViewController.swift */; };
		9185EB251B4C09E3004A6BD8 /* PlayButton.swift in Sources */ = {isa = PBXBuildFile; fileRef = 9185EB241B4C09E3004A6BD8 /* PlayButton.swift */; };
		9185EB271B4C0B9D004A6BD8 /* Math.swift in Sources */ = {isa = PBXBuildFile; fileRef = 9185EB261B4C0B9D004A6BD8 /* Math.swift */; };
		9185EB291B4C1050004A6BD8 /* StopButton.swift in Sources */ = {isa = PBXBuildFile; fileRef = 9185EB281B4C1050004A6BD8 /* StopButton.swift */; };
		91B1B5021B45C38B00958D38 /* AppDelegate.swift in Sources */ = {isa = PBXBuildFile; fileRef = 91B1B5011B45C38B00958D38 /* AppDelegate.swift */; };
		91B1B5071B45C38B00958D38 /* Main.storyboard in Resources */ = {isa = PBXBuildFile; fileRef = 91B1B5051B45C38B00958D38 /* Main.storyboard */; };
		91B1B5091B45C38B00958D38 /* Images.xcassets in Resources */ = {isa = PBXBuildFile; fileRef = 91B1B5081B45C38B00958D38 /* Images.xcassets */; };
		91B1B50C1B45C38B00958D38 /* LaunchScreen.xib in Resources */ = {isa = PBXBuildFile; fileRef = 91B1B50A1B45C38B00958D38 /* LaunchScreen.xib */; };
		91B1B5181B45C38B00958D38 /* VideoDatingTests.swift in Sources */ = {isa = PBXBuildFile; fileRef = 91B1B5171B45C38B00958D38 /* VideoDatingTests.swift */; };
		91B1B5221B45C3AC00958D38 /* WelcomeViewController.swift in Sources */ = {isa = PBXBuildFile; fileRef = 91B1B5211B45C3AC00958D38 /* WelcomeViewController.swift */; };
		91B1B5241B45C3D300958D38 /* LoginViewController.swift in Sources */ = {isa = PBXBuildFile; fileRef = 91B1B5231B45C3D300958D38 /* LoginViewController.swift */; };
		91B1B5261B45C3DF00958D38 /* RegisterViewController.swift in Sources */ = {isa = PBXBuildFile; fileRef = 91B1B5251B45C3DF00958D38 /* RegisterViewController.swift */; };
		91B1B5281B45C3F300958D38 /* VideoCamViewController.swift in Sources */ = {isa = PBXBuildFile; fileRef = 91B1B5271B45C3F300958D38 /* VideoCamViewController.swift */; };
		91B1B52F1B45C50B00958D38 /* GradientView.swift in Sources */ = {isa = PBXBuildFile; fileRef = 91B1B52E1B45C50B00958D38 /* GradientView.swift */; };
		91B1B5311B45C53D00958D38 /* CustomButton.swift in Sources */ = {isa = PBXBuildFile; fileRef = 91B1B5301B45C53D00958D38 /* CustomButton.swift */; };
		91B1B5331B45C6E300958D38 /* VideoCell.swift in Sources */ = {isa = PBXBuildFile; fileRef = 91B1B5321B45C6E300958D38 /* VideoCell.swift */; };
		91B1B5351B45C7FF00958D38 /* RadiusView.swift in Sources */ = {isa = PBXBuildFile; fileRef = 91B1B5341B45C7FF00958D38 /* RadiusView.swift */; };
		91B1B5391B45D3EE00958D38 /* RailsRequest.swift in Sources */ = {isa = PBXBuildFile; fileRef = 91B1B5381B45D3EE00958D38 /* RailsRequest.swift */; };
		91B1B5431B46BE3D00958D38 /* Keys.swift in Sources */ = {isa = PBXBuildFile; fileRef = 91B1B5421B46BE3D00958D38 /* Keys.swift */; };
		91B1B5451B470B1700958D38 /* S3Request.swift in Sources */ = {isa = PBXBuildFile; fileRef = 91B1B5441B470B1700958D38 /* S3Request.swift */; };
		91B1B5511B47226100958D38 /* SaveVideoViewController.swift in Sources */ = {isa = PBXBuildFile; fileRef = 91B1B5501B47226100958D38 /* SaveVideoViewController.swift */; };
		91B1B5541B4722A900958D38 /* TakeVideoFlow.storyboard in Resources */ = {isa = PBXBuildFile; fileRef = 91B1B5531B4722A900958D38 /* TakeVideoFlow.storyboard */; };
		91B1B5A01B4B4F3E00958D38 /* ProfileMenuViewController.swift in Sources */ = {isa = PBXBuildFile; fileRef = 91B1B59F1B4B4F3E00958D38 /* ProfileMenuViewController.swift */; };
		91B1B5A21B4B50CD00958D38 /* ProfileMenuCell.swift in Sources */ = {isa = PBXBuildFile; fileRef = 91B1B5A11B4B50CD00958D38 /* ProfileMenuCell.swift */; };
		91B1B5A71B4B535D00958D38 /* ProfileFlow.storyboard in Resources */ = {isa = PBXBuildFile; fileRef = 91B1B5A61B4B535D00958D38 /* ProfileFlow.storyboard */; };
		91B1B5A91B4B551E00958D38 /* CircleView.swift in Sources */ = {isa = PBXBuildFile; fileRef = 91B1B5A81B4B551E00958D38 /* CircleView.swift */; };
		91C5B5DC1B5BE91A0040BCD3 /* LaunchViewController.swift in Sources */ = {isa = PBXBuildFile; fileRef = 91C5B5DB1B5BE91A0040BCD3 /* LaunchViewController.swift */; };
		91C5B5DE1B5BFCB60040BCD3 /* CameraChooseViewController.swift in Sources */ = {isa = PBXBuildFile; fileRef = 91C5B5DD1B5BFCB60040BCD3 /* CameraChooseViewController.swift */; };
		91C7D7861B7B7EC100B50C5D /* libz.dylib in Frameworks */ = {isa = PBXBuildFile; fileRef = 9127AF971B7B7D1C005FB1CF /* libz.dylib */; };
		91C7D7871B7B7ECD00B50C5D /* libsqlite3.dylib in Frameworks */ = {isa = PBXBuildFile; fileRef = 9127AF991B7B7D23005FB1CF /* libsqlite3.dylib */; };
		91C7D7881B7B7EF300B50C5D /* AudioToolbox.framework in Frameworks */ = {isa = PBXBuildFile; fileRef = 9127AF9B1B7B7D96005FB1CF /* AudioToolbox.framework */; };
		91C7D7891B7B7EF300B50C5D /* CFNetwork.framework in Frameworks */ = {isa = PBXBuildFile; fileRef = 9127AF9C1B7B7D96005FB1CF /* CFNetwork.framework */; };
		91C7D78A1B7B7EF300B50C5D /* CoreGraphics.framework in Frameworks */ = {isa = PBXBuildFile; fileRef = 9127AF9D1B7B7D96005FB1CF /* CoreGraphics.framework */; };
		91C7D78B1B7B7EF300B50C5D /* CoreLocation.framework in Frameworks */ = {isa = PBXBuildFile; fileRef = 9127AF9E1B7B7D96005FB1CF /* CoreLocation.framework */; };
		91C7D78C1B7B7EF300B50C5D /* QuartzCore.framework in Frameworks */ = {isa = PBXBuildFile; fileRef = 9127AFA31B7B7DA5005FB1CF /* QuartzCore.framework */; };
		91C7D78D1B7B7EF300B50C5D /* Security.framework in Frameworks */ = {isa = PBXBuildFile; fileRef = 9127AFA51B7B7DB6005FB1CF /* Security.framework */; };
		91C7D78E1B7B7EF300B50C5D /* StoreKit.framework in Frameworks */ = {isa = PBXBuildFile; fileRef = 9127AFA61B7B7DB6005FB1CF /* StoreKit.framework */; };
		91C7D78F1B7B7EF300B50C5D /* SystemConfiguration.framework in Frameworks */ = {isa = PBXBuildFile; fileRef = 9127AFA71B7B7DB6005FB1CF /* SystemConfiguration.framework */; };
		91EFB6811B84D3CB00AA1983 /* ViewProfileController.swift in Sources */ = {isa = PBXBuildFile; fileRef = 91EFB6801B84D3CB00AA1983 /* ViewProfileController.swift */; };
		91EFB6831B87807C00AA1983 /* ApplicationsTableViewCell.swift in Sources */ = {isa = PBXBuildFile; fileRef = 91EFB6821B87807C00AA1983 /* ApplicationsTableViewCell.swift */; };
		91F5CBC81B4D9A5D0009A178 /* MainMenuViewController.swift in Sources */ = {isa = PBXBuildFile; fileRef = 91F5CBC71B4D9A5D0009A178 /* MainMenuViewController.swift */; };
		91F5CBCA1B4D9FA90009A178 /* EditProfileTableViewController.swift in Sources */ = {isa = PBXBuildFile; fileRef = 91F5CBC91B4D9FA90009A178 /* EditProfileTableViewController.swift */; };
		91F5CBD01B4EADB90009A178 /* PlayVideoViewController.swift in Sources */ = {isa = PBXBuildFile; fileRef = 91F5CBCF1B4EADB90009A178 /* PlayVideoViewController.swift */; };
		91F5CBD51B4ECFA70009A178 /* YourProfileFlow.storyboard in Resources */ = {isa = PBXBuildFile; fileRef = 91F5CBD41B4ECFA70009A178 /* YourProfileFlow.storyboard */; };
		91F5CBD71B4EECC00009A178 /* YourProfileViewController.swift in Sources */ = {isa = PBXBuildFile; fileRef = 91F5CBD61B4EECC00009A178 /* YourProfileViewController.swift */; };
		91F5CBD91B4EF3750009A178 /* YourMainMenuViewController.swift in Sources */ = {isa = PBXBuildFile; fileRef = 91F5CBD81B4EF3750009A178 /* YourMainMenuViewController.swift */; };
		91F5CBDB1B4EF6B10009A178 /* YourMessagesViewController.swift in Sources */ = {isa = PBXBuildFile; fileRef = 91F5CBDA1B4EF6B10009A178 /* YourMessagesViewController.swift */; };
		91F5CBDD1B4EF8D60009A178 /* YourMessagesDetailViewController.swift in Sources */ = {isa = PBXBuildFile; fileRef = 91F5CBDC1B4EF8D60009A178 /* YourMessagesDetailViewController.swift */; };
		91F5CBDF1B4EFD190009A178 /* MessageReplyViewController.swift in Sources */ = {isa = PBXBuildFile; fileRef = 91F5CBDE1B4EFD190009A178 /* MessageReplyViewController.swift */; };
		91F5CBE11B4F19F00009A178 /* SearchViewController.swift in Sources */ = {isa = PBXBuildFile; fileRef = 91F5CBE01B4F19F00009A178 /* SearchViewController.swift */; };
		91F5CBE31B4F21480009A178 /* SearchResultViewController.swift in Sources */ = {isa = PBXBuildFile; fileRef = 91F5CBE21B4F21480009A178 /* SearchResultViewController.swift */; };
		91F5CBE71B52A2A30009A178 /* OutlineButton.swift in Sources */ = {isa = PBXBuildFile; fileRef = 91F5CBE61B52A2A30009A178 /* OutlineButton.swift */; };
		91F5CBEB1B53E5BF0009A178 /* RecordedVideo.swift in Sources */ = {isa = PBXBuildFile; fileRef = 91F5CBEA1B53E5BF0009A178 /* RecordedVideo.swift */; };
/* End PBXBuildFile section */

/* Begin PBXContainerItemProxy section */
		91B1B5121B45C38B00958D38 /* PBXContainerItemProxy */ = {
			isa = PBXContainerItemProxy;
			containerPortal = 91B1B4F41B45C38B00958D38 /* Project object */;
			proxyType = 1;
			remoteGlobalIDString = 91B1B4FB1B45C38B00958D38;
			remoteInfo = VideoDating;
		};
/* End PBXContainerItemProxy section */

/* Begin PBXFileReference section */
		0AFA30C5D0A4ED1F5AAB40B3 /* Pods_VideoDating.framework */ = {isa = PBXFileReference; explicitFileType = wrapper.framework; includeInIndex = 0; path = Pods_VideoDating.framework; sourceTree = BUILT_PRODUCTS_DIR; };
		340FA70A36FE52D07BC21E02 /* Pods-VideoDating.debug.xcconfig */ = {isa = PBXFileReference; includeInIndex = 1; lastKnownFileType = text.xcconfig; name = "Pods-VideoDating.debug.xcconfig"; path = "Pods/Target Support Files/Pods-VideoDating/Pods-VideoDating.debug.xcconfig"; sourceTree = "<group>"; };
		910745DF1B543E18004B927F /* VideoTypes.swift */ = {isa = PBXFileReference; fileEncoding = 4; lastKnownFileType = sourcecode.swift; path = VideoTypes.swift; sourceTree = "<group>"; };
		910745E31B572C99004B927F /* EditVideosViewController.swift */ = {isa = PBXFileReference; fileEncoding = 4; lastKnownFileType = sourcecode.swift; path = EditVideosViewController.swift; sourceTree = "<group>"; };
		910745E51B586739004B927F /* NoProfileViewController.swift */ = {isa = PBXFileReference; fileEncoding = 4; lastKnownFileType = sourcecode.swift; path = NoProfileViewController.swift; sourceTree = "<group>"; };
		9127AF971B7B7D1C005FB1CF /* libz.dylib */ = {isa = PBXFileReference; lastKnownFileType = "compiled.mach-o.dylib"; name = libz.dylib; path = usr/lib/libz.dylib; sourceTree = SDKROOT; };
		9127AF991B7B7D23005FB1CF /* libsqlite3.dylib */ = {isa = PBXFileReference; lastKnownFileType = "compiled.mach-o.dylib"; name = libsqlite3.dylib; path = usr/lib/libsqlite3.dylib; sourceTree = SDKROOT; };
		9127AF9B1B7B7D96005FB1CF /* AudioToolbox.framework */ = {isa = PBXFileReference; lastKnownFileType = wrapper.framework; name = AudioToolbox.framework; path = System/Library/Frameworks/AudioToolbox.framework; sourceTree = SDKROOT; };
		9127AF9C1B7B7D96005FB1CF /* CFNetwork.framework */ = {isa = PBXFileReference; lastKnownFileType = wrapper.framework; name = CFNetwork.framework; path = System/Library/Frameworks/CFNetwork.framework; sourceTree = SDKROOT; };
		9127AF9D1B7B7D96005FB1CF /* CoreGraphics.framework */ = {isa = PBXFileReference; lastKnownFileType = wrapper.framework; name = CoreGraphics.framework; path = System/Library/Frameworks/CoreGraphics.framework; sourceTree = SDKROOT; };
		9127AF9E1B7B7D96005FB1CF /* CoreLocation.framework */ = {isa = PBXFileReference; lastKnownFileType = wrapper.framework; name = CoreLocation.framework; path = System/Library/Frameworks/CoreLocation.framework; sourceTree = SDKROOT; };
		9127AFA31B7B7DA5005FB1CF /* QuartzCore.framework */ = {isa = PBXFileReference; lastKnownFileType = wrapper.framework; name = QuartzCore.framework; path = System/Library/Frameworks/QuartzCore.framework; sourceTree = SDKROOT; };
		9127AFA51B7B7DB6005FB1CF /* Security.framework */ = {isa = PBXFileReference; lastKnownFileType = wrapper.framework; name = Security.framework; path = System/Library/Frameworks/Security.framework; sourceTree = SDKROOT; };
		9127AFA61B7B7DB6005FB1CF /* StoreKit.framework */ = {isa = PBXFileReference; lastKnownFileType = wrapper.framework; name = StoreKit.framework; path = System/Library/Frameworks/StoreKit.framework; sourceTree = SDKROOT; };
		9127AFA71B7B7DB6005FB1CF /* SystemConfiguration.framework */ = {isa = PBXFileReference; lastKnownFileType = wrapper.framework; name = SystemConfiguration.framework; path = System/Library/Frameworks/SystemConfiguration.framework; sourceTree = SDKROOT; };
		9146FCE41B5E7A750013D73B /* SearchItemCell.swift */ = {isa = PBXFileReference; fileEncoding = 4; lastKnownFileType = sourcecode.swift; path = SearchItemCell.swift; sourceTree = "<group>"; };
		917280E41B7B80F700656CD1 /* Bolts.framework */ = {isa = PBXFileReference; lastKnownFileType = wrapper.framework; path = Bolts.framework; sourceTree = "<group>"; };
		917280E51B7B80F700656CD1 /* Parse.framework */ = {isa = PBXFileReference; lastKnownFileType = wrapper.framework; path = Parse.framework; sourceTree = "<group>"; };
		917280E81B7B81D000656CD1 /* Accounts.framework */ = {isa = PBXFileReference; lastKnownFileType = wrapper.framework; name = Accounts.framework; path = System/Library/Frameworks/Accounts.framework; sourceTree = SDKROOT; };
		917280E91B7B81D000656CD1 /* Social.framework */ = {isa = PBXFileReference; lastKnownFileType = wrapper.framework; name = Social.framework; path = System/Library/Frameworks/Social.framework; sourceTree = SDKROOT; };
		917280EC1B7B884000656CD1 /* HelpViewController.swift */ = {isa = PBXFileReference; fileEncoding = 4; lastKnownFileType = sourcecode.swift; path = HelpViewController.swift; sourceTree = "<group>"; };
		9185EB241B4C09E3004A6BD8 /* PlayButton.swift */ = {isa = PBXFileReference; fileEncoding = 4; lastKnownFileType = sourcecode.swift; path = PlayButton.swift; sourceTree = "<group>"; };
		9185EB261B4C0B9D004A6BD8 /* Math.swift */ = {isa = PBXFileReference; fileEncoding = 4; lastKnownFileType = sourcecode.swift; path = Math.swift; sourceTree = "<group>"; };
		9185EB281B4C1050004A6BD8 /* StopButton.swift */ = {isa = PBXFileReference; fileEncoding = 4; lastKnownFileType = sourcecode.swift; path = StopButton.swift; sourceTree = "<group>"; };
		91B1B4FC1B45C38B00958D38 /* VideoDating.app */ = {isa = PBXFileReference; explicitFileType = wrapper.application; includeInIndex = 0; path = VideoDating.app; sourceTree = BUILT_PRODUCTS_DIR; };
		91B1B5001B45C38B00958D38 /* Info.plist */ = {isa = PBXFileReference; lastKnownFileType = text.plist.xml; path = Info.plist; sourceTree = "<group>"; };
		91B1B5011B45C38B00958D38 /* AppDelegate.swift */ = {isa = PBXFileReference; lastKnownFileType = sourcecode.swift; path = AppDelegate.swift; sourceTree = "<group>"; };
		91B1B5061B45C38B00958D38 /* Base */ = {isa = PBXFileReference; lastKnownFileType = file.storyboard; name = Base; path = Base.lproj/Main.storyboard; sourceTree = "<group>"; };
		91B1B5081B45C38B00958D38 /* Images.xcassets */ = {isa = PBXFileReference; lastKnownFileType = folder.assetcatalog; path = Images.xcassets; sourceTree = "<group>"; };
		91B1B50B1B45C38B00958D38 /* Base */ = {isa = PBXFileReference; lastKnownFileType = file.xib; name = Base; path = Base.lproj/LaunchScreen.xib; sourceTree = "<group>"; };
		91B1B5111B45C38B00958D38 /* VideoDatingTests.xctest */ = {isa = PBXFileReference; explicitFileType = wrapper.cfbundle; includeInIndex = 0; path = VideoDatingTests.xctest; sourceTree = BUILT_PRODUCTS_DIR; };
		91B1B5161B45C38B00958D38 /* Info.plist */ = {isa = PBXFileReference; lastKnownFileType = text.plist.xml; path = Info.plist; sourceTree = "<group>"; };
		91B1B5171B45C38B00958D38 /* VideoDatingTests.swift */ = {isa = PBXFileReference; lastKnownFileType = sourcecode.swift; path = VideoDatingTests.swift; sourceTree = "<group>"; };
		91B1B5211B45C3AC00958D38 /* WelcomeViewController.swift */ = {isa = PBXFileReference; fileEncoding = 4; lastKnownFileType = sourcecode.swift; path = WelcomeViewController.swift; sourceTree = "<group>"; };
		91B1B5231B45C3D300958D38 /* LoginViewController.swift */ = {isa = PBXFileReference; fileEncoding = 4; lastKnownFileType = sourcecode.swift; path = LoginViewController.swift; sourceTree = "<group>"; };
		91B1B5251B45C3DF00958D38 /* RegisterViewController.swift */ = {isa = PBXFileReference; fileEncoding = 4; lastKnownFileType = sourcecode.swift; path = RegisterViewController.swift; sourceTree = "<group>"; };
		91B1B5271B45C3F300958D38 /* VideoCamViewController.swift */ = {isa = PBXFileReference; fileEncoding = 4; lastKnownFileType = sourcecode.swift; path = VideoCamViewController.swift; sourceTree = "<group>"; };
		91B1B52E1B45C50B00958D38 /* GradientView.swift */ = {isa = PBXFileReference; fileEncoding = 4; lastKnownFileType = sourcecode.swift; path = GradientView.swift; sourceTree = "<group>"; };
		91B1B5301B45C53D00958D38 /* CustomButton.swift */ = {isa = PBXFileReference; fileEncoding = 4; lastKnownFileType = sourcecode.swift; path = CustomButton.swift; sourceTree = "<group>"; };
		91B1B5321B45C6E300958D38 /* VideoCell.swift */ = {isa = PBXFileReference; fileEncoding = 4; lastKnownFileType = sourcecode.swift; path = VideoCell.swift; sourceTree = "<group>"; };
		91B1B5341B45C7FF00958D38 /* RadiusView.swift */ = {isa = PBXFileReference; fileEncoding = 4; lastKnownFileType = sourcecode.swift; path = RadiusView.swift; sourceTree = "<group>"; };
		91B1B5381B45D3EE00958D38 /* RailsRequest.swift */ = {isa = PBXFileReference; fileEncoding = 4; lastKnownFileType = sourcecode.swift; path = RailsRequest.swift; sourceTree = "<group>"; };
		91B1B5421B46BE3D00958D38 /* Keys.swift */ = {isa = PBXFileReference; fileEncoding = 4; lastKnownFileType = sourcecode.swift; path = Keys.swift; sourceTree = "<group>"; };
		91B1B5441B470B1700958D38 /* S3Request.swift */ = {isa = PBXFileReference; fileEncoding = 4; lastKnownFileType = sourcecode.swift; path = S3Request.swift; sourceTree = "<group>"; };
		91B1B5481B470C4000958D38 /* VideoDating-Bridging-Header.h */ = {isa = PBXFileReference; lastKnownFileType = sourcecode.c.h; path = "VideoDating-Bridging-Header.h"; sourceTree = "<group>"; };
		91B1B5501B47226100958D38 /* SaveVideoViewController.swift */ = {isa = PBXFileReference; fileEncoding = 4; lastKnownFileType = sourcecode.swift; path = SaveVideoViewController.swift; sourceTree = "<group>"; };
		91B1B5531B4722A900958D38 /* TakeVideoFlow.storyboard */ = {isa = PBXFileReference; fileEncoding = 4; lastKnownFileType = file.storyboard; path = TakeVideoFlow.storyboard; sourceTree = "<group>"; };
		91B1B59F1B4B4F3E00958D38 /* ProfileMenuViewController.swift */ = {isa = PBXFileReference; fileEncoding = 4; lastKnownFileType = sourcecode.swift; path = ProfileMenuViewController.swift; sourceTree = "<group>"; };
		91B1B5A11B4B50CD00958D38 /* ProfileMenuCell.swift */ = {isa = PBXFileReference; fileEncoding = 4; lastKnownFileType = sourcecode.swift; path = ProfileMenuCell.swift; sourceTree = "<group>"; };
		91B1B5A61B4B535D00958D38 /* ProfileFlow.storyboard */ = {isa = PBXFileReference; fileEncoding = 4; lastKnownFileType = file.storyboard; path = ProfileFlow.storyboard; sourceTree = "<group>"; };
		91B1B5A81B4B551E00958D38 /* CircleView.swift */ = {isa = PBXFileReference; fileEncoding = 4; lastKnownFileType = sourcecode.swift; path = CircleView.swift; sourceTree = "<group>"; };
		91C5B5DB1B5BE91A0040BCD3 /* LaunchViewController.swift */ = {isa = PBXFileReference; fileEncoding = 4; lastKnownFileType = sourcecode.swift; path = LaunchViewController.swift; sourceTree = "<group>"; };
		91C5B5DD1B5BFCB60040BCD3 /* CameraChooseViewController.swift */ = {isa = PBXFileReference; fileEncoding = 4; lastKnownFileType = sourcecode.swift; path = CameraChooseViewController.swift; sourceTree = "<group>"; };
		91EFB6801B84D3CB00AA1983 /* ViewProfileController.swift */ = {isa = PBXFileReference; fileEncoding = 4; lastKnownFileType = sourcecode.swift; path = ViewProfileController.swift; sourceTree = "<group>"; };
		91EFB6821B87807C00AA1983 /* ApplicationsTableViewCell.swift */ = {isa = PBXFileReference; fileEncoding = 4; lastKnownFileType = sourcecode.swift; path = ApplicationsTableViewCell.swift; sourceTree = "<group>"; };
		91F5CBC71B4D9A5D0009A178 /* MainMenuViewController.swift */ = {isa = PBXFileReference; fileEncoding = 4; lastKnownFileType = sourcecode.swift; path = MainMenuViewController.swift; sourceTree = "<group>"; };
		91F5CBC91B4D9FA90009A178 /* EditProfileTableViewController.swift */ = {isa = PBXFileReference; fileEncoding = 4; lastKnownFileType = sourcecode.swift; path = EditProfileTableViewController.swift; sourceTree = "<group>"; };
		91F5CBCF1B4EADB90009A178 /* PlayVideoViewController.swift */ = {isa = PBXFileReference; fileEncoding = 4; lastKnownFileType = sourcecode.swift; path = PlayVideoViewController.swift; sourceTree = "<group>"; };
		91F5CBD41B4ECFA70009A178 /* YourProfileFlow.storyboard */ = {isa = PBXFileReference; fileEncoding = 4; lastKnownFileType = file.storyboard; path = YourProfileFlow.storyboard; sourceTree = "<group>"; };
		91F5CBD61B4EECC00009A178 /* YourProfileViewController.swift */ = {isa = PBXFileReference; fileEncoding = 4; lastKnownFileType = sourcecode.swift; path = YourProfileViewController.swift; sourceTree = "<group>"; };
		91F5CBD81B4EF3750009A178 /* YourMainMenuViewController.swift */ = {isa = PBXFileReference; fileEncoding = 4; lastKnownFileType = sourcecode.swift; path = YourMainMenuViewController.swift; sourceTree = "<group>"; };
		91F5CBDA1B4EF6B10009A178 /* YourMessagesViewController.swift */ = {isa = PBXFileReference; fileEncoding = 4; lastKnownFileType = sourcecode.swift; path = YourMessagesViewController.swift; sourceTree = "<group>"; };
		91F5CBDC1B4EF8D60009A178 /* YourMessagesDetailViewController.swift */ = {isa = PBXFileReference; fileEncoding = 4; lastKnownFileType = sourcecode.swift; path = YourMessagesDetailViewController.swift; sourceTree = "<group>"; };
		91F5CBDE1B4EFD190009A178 /* MessageReplyViewController.swift */ = {isa = PBXFileReference; fileEncoding = 4; lastKnownFileType = sourcecode.swift; path = MessageReplyViewController.swift; sourceTree = "<group>"; };
		91F5CBE01B4F19F00009A178 /* SearchViewController.swift */ = {isa = PBXFileReference; fileEncoding = 4; lastKnownFileType = sourcecode.swift; path = SearchViewController.swift; sourceTree = "<group>"; };
		91F5CBE21B4F21480009A178 /* SearchResultViewController.swift */ = {isa = PBXFileReference; fileEncoding = 4; lastKnownFileType = sourcecode.swift; path = SearchResultViewController.swift; sourceTree = "<group>"; };
		91F5CBE61B52A2A30009A178 /* OutlineButton.swift */ = {isa = PBXFileReference; fileEncoding = 4; lastKnownFileType = sourcecode.swift; path = OutlineButton.swift; sourceTree = "<group>"; };
		91F5CBEA1B53E5BF0009A178 /* RecordedVideo.swift */ = {isa = PBXFileReference; fileEncoding = 4; lastKnownFileType = sourcecode.swift; path = RecordedVideo.swift; sourceTree = "<group>"; };
		D1221190F24DD6BD0C5479FD /* Pods-VideoDating.release.xcconfig */ = {isa = PBXFileReference; includeInIndex = 1; lastKnownFileType = text.xcconfig; name = "Pods-VideoDating.release.xcconfig"; path = "Pods/Target Support Files/Pods-VideoDating/Pods-VideoDating.release.xcconfig"; sourceTree = "<group>"; };
/* End PBXFileReference section */

/* Begin PBXFrameworksBuildPhase section */
		91B1B4F91B45C38B00958D38 /* Frameworks */ = {
			isa = PBXFrameworksBuildPhase;
			buildActionMask = 2147483647;
			files = (
				91C7D7881B7B7EF300B50C5D /* AudioToolbox.framework in Frameworks */,
				91C7D7891B7B7EF300B50C5D /* CFNetwork.framework in Frameworks */,
				91C7D78A1B7B7EF300B50C5D /* CoreGraphics.framework in Frameworks */,
				91C7D78B1B7B7EF300B50C5D /* CoreLocation.framework in Frameworks */,
				91C7D78C1B7B7EF300B50C5D /* QuartzCore.framework in Frameworks */,
				91C7D78D1B7B7EF300B50C5D /* Security.framework in Frameworks */,
				91C7D78E1B7B7EF300B50C5D /* StoreKit.framework in Frameworks */,
				91C7D78F1B7B7EF300B50C5D /* SystemConfiguration.framework in Frameworks */,
				91C7D7861B7B7EC100B50C5D /* libz.dylib in Frameworks */,
				91C7D7871B7B7ECD00B50C5D /* libsqlite3.dylib in Frameworks */,
				917280EA1B7B81D000656CD1 /* Accounts.framework in Frameworks */,
				917280EB1B7B81D000656CD1 /* Social.framework in Frameworks */,
				917280E61B7B80F700656CD1 /* Bolts.framework in Frameworks */,
				917280E71B7B80F700656CD1 /* Parse.framework in Frameworks */,
				3E969E9F5A6B351E2116DD4E /* Pods_VideoDating.framework in Frameworks */,
			);
			runOnlyForDeploymentPostprocessing = 0;
		};
		91B1B50E1B45C38B00958D38 /* Frameworks */ = {
			isa = PBXFrameworksBuildPhase;
			buildActionMask = 2147483647;
			files = (
			);
			runOnlyForDeploymentPostprocessing = 0;
		};
/* End PBXFrameworksBuildPhase section */

/* Begin PBXGroup section */
		4020922607E0599A9375A050 /* Frameworks */ = {
			isa = PBXGroup;
			children = (
				917280E81B7B81D000656CD1 /* Accounts.framework */,
				917280E91B7B81D000656CD1 /* Social.framework */,
				917280E41B7B80F700656CD1 /* Bolts.framework */,
				917280E51B7B80F700656CD1 /* Parse.framework */,
				9127AFA51B7B7DB6005FB1CF /* Security.framework */,
				9127AFA61B7B7DB6005FB1CF /* StoreKit.framework */,
				9127AFA71B7B7DB6005FB1CF /* SystemConfiguration.framework */,
				9127AFA31B7B7DA5005FB1CF /* QuartzCore.framework */,
				9127AF9B1B7B7D96005FB1CF /* AudioToolbox.framework */,
				9127AF9C1B7B7D96005FB1CF /* CFNetwork.framework */,
				9127AF9D1B7B7D96005FB1CF /* CoreGraphics.framework */,
				9127AF9E1B7B7D96005FB1CF /* CoreLocation.framework */,
				9127AF991B7B7D23005FB1CF /* libsqlite3.dylib */,
				9127AF971B7B7D1C005FB1CF /* libz.dylib */,
				0AFA30C5D0A4ED1F5AAB40B3 /* Pods_VideoDating.framework */,
			);
			name = Frameworks;
			sourceTree = "<group>";
		};
		9185EB2A1B4C1F35004A6BD8 /* FriendProfileFlow */ = {
			isa = PBXGroup;
			children = (
				91B1B5A61B4B535D00958D38 /* ProfileFlow.storyboard */,
				91B1B59F1B4B4F3E00958D38 /* ProfileMenuViewController.swift */,
				91B1B5A11B4B50CD00958D38 /* ProfileMenuCell.swift */,
				91EFB6801B84D3CB00AA1983 /* ViewProfileController.swift */,
				91F5CBC91B4D9FA90009A178 /* EditProfileTableViewController.swift */,
				910745E31B572C99004B927F /* EditVideosViewController.swift */,
				91C5B5DB1B5BE91A0040BCD3 /* LaunchViewController.swift */,
			);
			name = FriendProfileFlow;
			sourceTree = "<group>";
		};
		91B1B4F31B45C38B00958D38 = {
			isa = PBXGroup;
			children = (
				91B1B4FE1B45C38B00958D38 /* VideoDating */,
				91B1B5141B45C38B00958D38 /* VideoDatingTests */,
				91B1B4FD1B45C38B00958D38 /* Products */,
				EDC2672AF4930C3EEB385F73 /* Pods */,
				4020922607E0599A9375A050 /* Frameworks */,
			);
			sourceTree = "<group>";
		};
		91B1B4FD1B45C38B00958D38 /* Products */ = {
			isa = PBXGroup;
			children = (
				91B1B4FC1B45C38B00958D38 /* VideoDating.app */,
				91B1B5111B45C38B00958D38 /* VideoDatingTests.xctest */,
			);
			name = Products;
			sourceTree = "<group>";
		};
		91B1B4FE1B45C38B00958D38 /* VideoDating */ = {
			isa = PBXGroup;
			children = (
				91B1B54E1B4721D400958D38 /* LoginFlow */,
				91F5CBD11B4ECF6D0009A178 /* YourProfileFlow */,
				9185EB2A1B4C1F35004A6BD8 /* FriendProfileFlow */,
				91B1B54F1B4721E500958D38 /* TakeVideoFlow */,
				91B1B52D1B45C4F300958D38 /* CustomElements */,
				91B1B4FF1B45C38B00958D38 /* Supporting Files */,
			);
			path = VideoDating;
			sourceTree = "<group>";
		};
		91B1B4FF1B45C38B00958D38 /* Supporting Files */ = {
			isa = PBXGroup;
			children = (
				91F5CBEA1B53E5BF0009A178 /* RecordedVideo.swift */,
				91B1B5381B45D3EE00958D38 /* RailsRequest.swift */,
				91B1B5441B470B1700958D38 /* S3Request.swift */,
				91B1B5421B46BE3D00958D38 /* Keys.swift */,
				91B1B5481B470C4000958D38 /* VideoDating-Bridging-Header.h */,
				910745DF1B543E18004B927F /* VideoTypes.swift */,
				9185EB261B4C0B9D004A6BD8 /* Math.swift */,
				91B1B5011B45C38B00958D38 /* AppDelegate.swift */,
				91B1B5081B45C38B00958D38 /* Images.xcassets */,
				91B1B50A1B45C38B00958D38 /* LaunchScreen.xib */,
				91B1B5001B45C38B00958D38 /* Info.plist */,
			);
			name = "Supporting Files";
			sourceTree = "<group>";
		};
		91B1B5141B45C38B00958D38 /* VideoDatingTests */ = {
			isa = PBXGroup;
			children = (
				91B1B5171B45C38B00958D38 /* VideoDatingTests.swift */,
				91B1B5151B45C38B00958D38 /* Supporting Files */,
			);
			path = VideoDatingTests;
			sourceTree = "<group>";
		};
		91B1B5151B45C38B00958D38 /* Supporting Files */ = {
			isa = PBXGroup;
			children = (
				91B1B5161B45C38B00958D38 /* Info.plist */,
			);
			name = "Supporting Files";
			sourceTree = "<group>";
		};
		91B1B52D1B45C4F300958D38 /* CustomElements */ = {
			isa = PBXGroup;
			children = (
				91B1B52E1B45C50B00958D38 /* GradientView.swift */,
				91B1B5301B45C53D00958D38 /* CustomButton.swift */,
				91B1B5341B45C7FF00958D38 /* RadiusView.swift */,
				9185EB241B4C09E3004A6BD8 /* PlayButton.swift */,
				9185EB281B4C1050004A6BD8 /* StopButton.swift */,
				91F5CBE61B52A2A30009A178 /* OutlineButton.swift */,
			);
			name = CustomElements;
			sourceTree = "<group>";
		};
		91B1B54E1B4721D400958D38 /* LoginFlow */ = {
			isa = PBXGroup;
			children = (
				91B1B5051B45C38B00958D38 /* Main.storyboard */,
				91B1B5211B45C3AC00958D38 /* WelcomeViewController.swift */,
				91B1B5231B45C3D300958D38 /* LoginViewController.swift */,
				91B1B5251B45C3DF00958D38 /* RegisterViewController.swift */,
				91F5CBC71B4D9A5D0009A178 /* MainMenuViewController.swift */,
				91F5CBD81B4EF3750009A178 /* YourMainMenuViewController.swift */,
				917280EC1B7B884000656CD1 /* HelpViewController.swift */,
			);
			name = LoginFlow;
			sourceTree = "<group>";
		};
		91B1B54F1B4721E500958D38 /* TakeVideoFlow */ = {
			isa = PBXGroup;
			children = (
				91B1B5531B4722A900958D38 /* TakeVideoFlow.storyboard */,
				91B1B5271B45C3F300958D38 /* VideoCamViewController.swift */,
				91B1B5501B47226100958D38 /* SaveVideoViewController.swift */,
				91F5CBCF1B4EADB90009A178 /* PlayVideoViewController.swift */,
				91C5B5DD1B5BFCB60040BCD3 /* CameraChooseViewController.swift */,
				91B1B5321B45C6E300958D38 /* VideoCell.swift */,
				91B1B5A81B4B551E00958D38 /* CircleView.swift */,
			);
			name = TakeVideoFlow;
			sourceTree = "<group>";
		};
		91F5CBD11B4ECF6D0009A178 /* YourProfileFlow */ = {
			isa = PBXGroup;
			children = (
				91F5CBD41B4ECFA70009A178 /* YourProfileFlow.storyboard */,
				91F5CBD61B4EECC00009A178 /* YourProfileViewController.swift */,
				91F5CBDA1B4EF6B10009A178 /* YourMessagesViewController.swift */,
				91F5CBDC1B4EF8D60009A178 /* YourMessagesDetailViewController.swift */,
				91F5CBDE1B4EFD190009A178 /* MessageReplyViewController.swift */,
				91F5CBE01B4F19F00009A178 /* SearchViewController.swift */,
				9146FCE41B5E7A750013D73B /* SearchItemCell.swift */,
				91F5CBE21B4F21480009A178 /* SearchResultViewController.swift */,
				910745E51B586739004B927F /* NoProfileViewController.swift */,
				91EFB6821B87807C00AA1983 /* ApplicationsTableViewCell.swift */,
			);
			name = YourProfileFlow;
			sourceTree = "<group>";
		};
		EDC2672AF4930C3EEB385F73 /* Pods */ = {
			isa = PBXGroup;
			children = (
				340FA70A36FE52D07BC21E02 /* Pods-VideoDating.debug.xcconfig */,
				D1221190F24DD6BD0C5479FD /* Pods-VideoDating.release.xcconfig */,
			);
			name = Pods;
			sourceTree = "<group>";
		};
/* End PBXGroup section */

/* Begin PBXNativeTarget section */
		91B1B4FB1B45C38B00958D38 /* VideoDating */ = {
			isa = PBXNativeTarget;
			buildConfigurationList = 91B1B51B1B45C38B00958D38 /* Build configuration list for PBXNativeTarget "VideoDating" */;
			buildPhases = (
				8D51FC34B39AEB62A198020D /* Check Pods Manifest.lock */,
				91B1B4F81B45C38B00958D38 /* Sources */,
				91B1B4F91B45C38B00958D38 /* Frameworks */,
				91B1B4FA1B45C38B00958D38 /* Resources */,
				0C05E20784C3DE6F930B6E47 /* Embed Pods Frameworks */,
				D82D6BBD112E301A5DBD89FE /* Copy Pods Resources */,
			);
			buildRules = (
			);
			dependencies = (
			);
			name = VideoDating;
			productName = VideoDating;
			productReference = 91B1B4FC1B45C38B00958D38 /* VideoDating.app */;
			productType = "com.apple.product-type.application";
		};
		91B1B5101B45C38B00958D38 /* VideoDatingTests */ = {
			isa = PBXNativeTarget;
			buildConfigurationList = 91B1B51E1B45C38B00958D38 /* Build configuration list for PBXNativeTarget "VideoDatingTests" */;
			buildPhases = (
				91B1B50D1B45C38B00958D38 /* Sources */,
				91B1B50E1B45C38B00958D38 /* Frameworks */,
				91B1B50F1B45C38B00958D38 /* Resources */,
			);
			buildRules = (
			);
			dependencies = (
				91B1B5131B45C38B00958D38 /* PBXTargetDependency */,
			);
			name = VideoDatingTests;
			productName = VideoDatingTests;
			productReference = 91B1B5111B45C38B00958D38 /* VideoDatingTests.xctest */;
			productType = "com.apple.product-type.bundle.unit-test";
		};
/* End PBXNativeTarget section */

/* Begin PBXProject section */
		91B1B4F41B45C38B00958D38 /* Project object */ = {
			isa = PBXProject;
			attributes = {
				LastUpgradeCheck = 0640;
				ORGANIZATIONNAME = "Kyle Brooks Robinson";
				TargetAttributes = {
					91B1B4FB1B45C38B00958D38 = {
						CreatedOnToolsVersion = 6.4;
						DevelopmentTeam = ZXS7HWUJP6;
					};
					91B1B5101B45C38B00958D38 = {
						CreatedOnToolsVersion = 6.4;
						TestTargetID = 91B1B4FB1B45C38B00958D38;
					};
				};
			};
			buildConfigurationList = 91B1B4F71B45C38B00958D38 /* Build configuration list for PBXProject "VideoDating" */;
			compatibilityVersion = "Xcode 3.2";
			developmentRegion = English;
			hasScannedForEncodings = 0;
			knownRegions = (
				en,
				Base,
			);
			mainGroup = 91B1B4F31B45C38B00958D38;
			productRefGroup = 91B1B4FD1B45C38B00958D38 /* Products */;
			projectDirPath = "";
			projectRoot = "";
			targets = (
				91B1B4FB1B45C38B00958D38 /* VideoDating */,
				91B1B5101B45C38B00958D38 /* VideoDatingTests */,
			);
		};
/* End PBXProject section */

/* Begin PBXResourcesBuildPhase section */
		91B1B4FA1B45C38B00958D38 /* Resources */ = {
			isa = PBXResourcesBuildPhase;
			buildActionMask = 2147483647;
			files = (
				91F5CBD51B4ECFA70009A178 /* YourProfileFlow.storyboard in Resources */,
				91B1B5A71B4B535D00958D38 /* ProfileFlow.storyboard in Resources */,
				91B1B5071B45C38B00958D38 /* Main.storyboard in Resources */,
				91B1B50C1B45C38B00958D38 /* LaunchScreen.xib in Resources */,
				91B1B5091B45C38B00958D38 /* Images.xcassets in Resources */,
				91B1B5541B4722A900958D38 /* TakeVideoFlow.storyboard in Resources */,
			);
			runOnlyForDeploymentPostprocessing = 0;
		};
		91B1B50F1B45C38B00958D38 /* Resources */ = {
			isa = PBXResourcesBuildPhase;
			buildActionMask = 2147483647;
			files = (
			);
			runOnlyForDeploymentPostprocessing = 0;
		};
/* End PBXResourcesBuildPhase section */

/* Begin PBXShellScriptBuildPhase section */
		0C05E20784C3DE6F930B6E47 /* Embed Pods Frameworks */ = {
			isa = PBXShellScriptBuildPhase;
			buildActionMask = 2147483647;
			files = (
			);
			inputPaths = (
			);
			name = "Embed Pods Frameworks";
			outputPaths = (
			);
			runOnlyForDeploymentPostprocessing = 0;
			shellPath = /bin/sh;
			shellScript = "\"${SRCROOT}/Pods/Target Support Files/Pods-VideoDating/Pods-VideoDating-frameworks.sh\"\n";
			showEnvVarsInLog = 0;
		};
		8D51FC34B39AEB62A198020D /* Check Pods Manifest.lock */ = {
			isa = PBXShellScriptBuildPhase;
			buildActionMask = 2147483647;
			files = (
			);
			inputPaths = (
			);
			name = "Check Pods Manifest.lock";
			outputPaths = (
			);
			runOnlyForDeploymentPostprocessing = 0;
			shellPath = /bin/sh;
			shellScript = "diff \"${PODS_ROOT}/../Podfile.lock\" \"${PODS_ROOT}/Manifest.lock\" > /dev/null\nif [[ $? != 0 ]] ; then\n    cat << EOM\nerror: The sandbox is not in sync with the Podfile.lock. Run 'pod install' or update your CocoaPods installation.\nEOM\n    exit 1\nfi\n";
			showEnvVarsInLog = 0;
		};
		D82D6BBD112E301A5DBD89FE /* Copy Pods Resources */ = {
			isa = PBXShellScriptBuildPhase;
			buildActionMask = 2147483647;
			files = (
			);
			inputPaths = (
			);
			name = "Copy Pods Resources";
			outputPaths = (
			);
			runOnlyForDeploymentPostprocessing = 0;
			shellPath = /bin/sh;
			shellScript = "\"${SRCROOT}/Pods/Target Support Files/Pods-VideoDating/Pods-VideoDating-resources.sh\"\n";
			showEnvVarsInLog = 0;
		};
/* End PBXShellScriptBuildPhase section */

/* Begin PBXSourcesBuildPhase section */
		91B1B4F81B45C38B00958D38 /* Sources */ = {
			isa = PBXSourcesBuildPhase;
			buildActionMask = 2147483647;
			files = (
				91C5B5DE1B5BFCB60040BCD3 /* CameraChooseViewController.swift in Sources */,
				91B1B5A01B4B4F3E00958D38 /* ProfileMenuViewController.swift in Sources */,
				91F5CBCA1B4D9FA90009A178 /* EditProfileTableViewController.swift in Sources */,
				91B1B5241B45C3D300958D38 /* LoginViewController.swift in Sources */,
				91F5CBD01B4EADB90009A178 /* PlayVideoViewController.swift in Sources */,
				9185EB271B4C0B9D004A6BD8 /* Math.swift in Sources */,
				91F5CBD91B4EF3750009A178 /* YourMainMenuViewController.swift in Sources */,
				9185EB251B4C09E3004A6BD8 /* PlayButton.swift in Sources */,
				91F5CBDB1B4EF6B10009A178 /* YourMessagesViewController.swift in Sources */,
				91B1B5311B45C53D00958D38 /* CustomButton.swift in Sources */,
				91B1B5281B45C3F300958D38 /* VideoCamViewController.swift in Sources */,
				91F5CBC81B4D9A5D0009A178 /* MainMenuViewController.swift in Sources */,
				91EFB6831B87807C00AA1983 /* ApplicationsTableViewCell.swift in Sources */,
				91F5CBDF1B4EFD190009A178 /* MessageReplyViewController.swift in Sources */,
				91B1B5221B45C3AC00958D38 /* WelcomeViewController.swift in Sources */,
				910745E41B572C99004B927F /* EditVideosViewController.swift in Sources */,
				91B1B5A21B4B50CD00958D38 /* ProfileMenuCell.swift in Sources */,
				9146FCE51B5E7A750013D73B /* SearchItemCell.swift in Sources */,
				91F5CBEB1B53E5BF0009A178 /* RecordedVideo.swift in Sources */,
				91B1B5391B45D3EE00958D38 /* RailsRequest.swift in Sources */,
				91B1B5331B45C6E300958D38 /* VideoCell.swift in Sources */,
				91EFB6811B84D3CB00AA1983 /* ViewProfileController.swift in Sources */,
				91F5CBE71B52A2A30009A178 /* OutlineButton.swift in Sources */,
				91B1B5451B470B1700958D38 /* S3Request.swift in Sources */,
				9185EB291B4C1050004A6BD8 /* StopButton.swift in Sources */,
				91B1B5A91B4B551E00958D38 /* CircleView.swift in Sources */,
				91F5CBE11B4F19F00009A178 /* SearchViewController.swift in Sources */,
				910745E01B543E18004B927F /* VideoTypes.swift in Sources */,
				91B1B5021B45C38B00958D38 /* AppDelegate.swift in Sources */,
				91B1B5351B45C7FF00958D38 /* RadiusView.swift in Sources */,
				91F5CBD71B4EECC00009A178 /* YourProfileViewController.swift in Sources */,
				91B1B5431B46BE3D00958D38 /* Keys.swift in Sources */,
				91C5B5DC1B5BE91A0040BCD3 /* LaunchViewController.swift in Sources */,
				91F5CBDD1B4EF8D60009A178 /* YourMessagesDetailViewController.swift in Sources */,
				91B1B52F1B45C50B00958D38 /* GradientView.swift in Sources */,
				91B1B5261B45C3DF00958D38 /* RegisterViewController.swift in Sources */,
				91F5CBE31B4F21480009A178 /* SearchResultViewController.swift in Sources */,
				910745E61B586739004B927F /* NoProfileViewController.swift in Sources */,
				917280ED1B7B884000656CD1 /* HelpViewController.swift in Sources */,
				91B1B5511B47226100958D38 /* SaveVideoViewController.swift in Sources */,
			);
			runOnlyForDeploymentPostprocessing = 0;
		};
		91B1B50D1B45C38B00958D38 /* Sources */ = {
			isa = PBXSourcesBuildPhase;
			buildActionMask = 2147483647;
			files = (
				91B1B5181B45C38B00958D38 /* VideoDatingTests.swift in Sources */,
			);
			runOnlyForDeploymentPostprocessing = 0;
		};
/* End PBXSourcesBuildPhase section */

/* Begin PBXTargetDependency section */
		91B1B5131B45C38B00958D38 /* PBXTargetDependency */ = {
			isa = PBXTargetDependency;
			target = 91B1B4FB1B45C38B00958D38 /* VideoDating */;
			targetProxy = 91B1B5121B45C38B00958D38 /* PBXContainerItemProxy */;
		};
/* End PBXTargetDependency section */

/* Begin PBXVariantGroup section */
		91B1B5051B45C38B00958D38 /* Main.storyboard */ = {
			isa = PBXVariantGroup;
			children = (
				91B1B5061B45C38B00958D38 /* Base */,
			);
			name = Main.storyboard;
			sourceTree = "<group>";
		};
		91B1B50A1B45C38B00958D38 /* LaunchScreen.xib */ = {
			isa = PBXVariantGroup;
			children = (
				91B1B50B1B45C38B00958D38 /* Base */,
			);
			name = LaunchScreen.xib;
			sourceTree = "<group>";
		};
/* End PBXVariantGroup section */

/* Begin XCBuildConfiguration section */
		91B1B5191B45C38B00958D38 /* Debug */ = {
			isa = XCBuildConfiguration;
			buildSettings = {
				ALWAYS_SEARCH_USER_PATHS = NO;
				CLANG_CXX_LANGUAGE_STANDARD = "gnu++0x";
				CLANG_CXX_LIBRARY = "libc++";
				CLANG_ENABLE_MODULES = YES;
				CLANG_ENABLE_OBJC_ARC = YES;
				CLANG_WARN_BOOL_CONVERSION = YES;
				CLANG_WARN_CONSTANT_CONVERSION = YES;
				CLANG_WARN_DIRECT_OBJC_ISA_USAGE = YES_ERROR;
				CLANG_WARN_EMPTY_BODY = YES;
				CLANG_WARN_ENUM_CONVERSION = YES;
				CLANG_WARN_INT_CONVERSION = YES;
				CLANG_WARN_OBJC_ROOT_CLASS = YES_ERROR;
				CLANG_WARN_UNREACHABLE_CODE = YES;
				CLANG_WARN__DUPLICATE_METHOD_MATCH = YES;
				"CODE_SIGN_IDENTITY[sdk=iphoneos*]" = "iPhone Developer";
				COPY_PHASE_STRIP = NO;
				DEBUG_INFORMATION_FORMAT = "dwarf-with-dsym";
				ENABLE_STRICT_OBJC_MSGSEND = YES;
				GCC_C_LANGUAGE_STANDARD = gnu99;
				GCC_DYNAMIC_NO_PIC = NO;
				GCC_NO_COMMON_BLOCKS = YES;
				GCC_OPTIMIZATION_LEVEL = 0;
				GCC_PREPROCESSOR_DEFINITIONS = (
					"DEBUG=1",
					"$(inherited)",
				);
				GCC_SYMBOLS_PRIVATE_EXTERN = NO;
				GCC_WARN_64_TO_32_BIT_CONVERSION = YES;
				GCC_WARN_ABOUT_RETURN_TYPE = YES_ERROR;
				GCC_WARN_UNDECLARED_SELECTOR = YES;
				GCC_WARN_UNINITIALIZED_AUTOS = YES_AGGRESSIVE;
				GCC_WARN_UNUSED_FUNCTION = YES;
				GCC_WARN_UNUSED_VARIABLE = YES;
				IPHONEOS_DEPLOYMENT_TARGET = 8.4;
				MTL_ENABLE_DEBUG_INFO = YES;
				ONLY_ACTIVE_ARCH = YES;
				SDKROOT = iphoneos;
				SWIFT_OPTIMIZATION_LEVEL = "-Onone";
			};
			name = Debug;
		};
		91B1B51A1B45C38B00958D38 /* Release */ = {
			isa = XCBuildConfiguration;
			buildSettings = {
				ALWAYS_SEARCH_USER_PATHS = NO;
				CLANG_CXX_LANGUAGE_STANDARD = "gnu++0x";
				CLANG_CXX_LIBRARY = "libc++";
				CLANG_ENABLE_MODULES = YES;
				CLANG_ENABLE_OBJC_ARC = YES;
				CLANG_WARN_BOOL_CONVERSION = YES;
				CLANG_WARN_CONSTANT_CONVERSION = YES;
				CLANG_WARN_DIRECT_OBJC_ISA_USAGE = YES_ERROR;
				CLANG_WARN_EMPTY_BODY = YES;
				CLANG_WARN_ENUM_CONVERSION = YES;
				CLANG_WARN_INT_CONVERSION = YES;
				CLANG_WARN_OBJC_ROOT_CLASS = YES_ERROR;
				CLANG_WARN_UNREACHABLE_CODE = YES;
				CLANG_WARN__DUPLICATE_METHOD_MATCH = YES;
				"CODE_SIGN_IDENTITY[sdk=iphoneos*]" = "iPhone Developer";
				COPY_PHASE_STRIP = NO;
				DEBUG_INFORMATION_FORMAT = "dwarf-with-dsym";
				ENABLE_NS_ASSERTIONS = NO;
				ENABLE_STRICT_OBJC_MSGSEND = YES;
				GCC_C_LANGUAGE_STANDARD = gnu99;
				GCC_NO_COMMON_BLOCKS = YES;
				GCC_WARN_64_TO_32_BIT_CONVERSION = YES;
				GCC_WARN_ABOUT_RETURN_TYPE = YES_ERROR;
				GCC_WARN_UNDECLARED_SELECTOR = YES;
				GCC_WARN_UNINITIALIZED_AUTOS = YES_AGGRESSIVE;
				GCC_WARN_UNUSED_FUNCTION = YES;
				GCC_WARN_UNUSED_VARIABLE = YES;
				IPHONEOS_DEPLOYMENT_TARGET = 8.4;
				MTL_ENABLE_DEBUG_INFO = NO;
				SDKROOT = iphoneos;
				VALIDATE_PRODUCT = YES;
			};
			name = Release;
		};
		91B1B51C1B45C38B00958D38 /* Debug */ = {
			isa = XCBuildConfiguration;
			baseConfigurationReference = 340FA70A36FE52D07BC21E02 /* Pods-VideoDating.debug.xcconfig */;
			buildSettings = {
				ASSETCATALOG_COMPILER_APPICON_NAME = AppIcon;
				CLANG_ENABLE_MODULES = YES;
				CODE_SIGN_IDENTITY = "iPhone Developer";
				"CODE_SIGN_IDENTITY[sdk=iphoneos*]" = "iPhone Developer";
				FRAMEWORK_SEARCH_PATHS = (
					"$(inherited)",
					"$(PROJECT_DIR)",
				);
				INFOPLIST_FILE = VideoDating/Info.plist;
				LD_RUNPATH_SEARCH_PATHS = "$(inherited) @executable_path/Frameworks";
				PRODUCT_NAME = "$(TARGET_NAME)";
				PROVISIONING_PROFILE = "";
				SWIFT_OBJC_BRIDGING_HEADER = "VideoDating/VideoDating-Bridging-Header.h";
				SWIFT_OPTIMIZATION_LEVEL = "-Onone";
			};
			name = Debug;
		};
		91B1B51D1B45C38B00958D38 /* Release */ = {
			isa = XCBuildConfiguration;
			baseConfigurationReference = D1221190F24DD6BD0C5479FD /* Pods-VideoDating.release.xcconfig */;
			buildSettings = {
				ASSETCATALOG_COMPILER_APPICON_NAME = AppIcon;
				CLANG_ENABLE_MODULES = YES;
				CODE_SIGN_IDENTITY = "iPhone Developer";
				"CODE_SIGN_IDENTITY[sdk=iphoneos*]" = "iPhone Developer";
				FRAMEWORK_SEARCH_PATHS = (
					"$(inherited)",
					"$(PROJECT_DIR)",
				);
				INFOPLIST_FILE = VideoDating/Info.plist;
				LD_RUNPATH_SEARCH_PATHS = "$(inherited) @executable_path/Frameworks";
				PRODUCT_NAME = "$(TARGET_NAME)";
				PROVISIONING_PROFILE = "";
				SWIFT_OBJC_BRIDGING_HEADER = "VideoDating/VideoDating-Bridging-Header.h";
			};
			name = Release;
		};
		91B1B51F1B45C38B00958D38 /* Debug */ = {
			isa = XCBuildConfiguration;
			buildSettings = {
				BUNDLE_LOADER = "$(TEST_HOST)";
				FRAMEWORK_SEARCH_PATHS = (
					"$(SDKROOT)/Developer/Library/Frameworks",
					"$(inherited)",
				);
				GCC_PREPROCESSOR_DEFINITIONS = (
					"DEBUG=1",
					"$(inherited)",
				);
				INFOPLIST_FILE = VideoDatingTests/Info.plist;
				LD_RUNPATH_SEARCH_PATHS = "$(inherited) @executable_path/Frameworks @loader_path/Frameworks";
				PRODUCT_NAME = "$(TARGET_NAME)";
				TEST_HOST = "$(BUILT_PRODUCTS_DIR)/VideoDating.app/VideoDating";
			};
			name = Debug;
		};
		91B1B5201B45C38B00958D38 /* Release */ = {
			isa = XCBuildConfiguration;
			buildSettings = {
				BUNDLE_LOADER = "$(TEST_HOST)";
				FRAMEWORK_SEARCH_PATHS = (
					"$(SDKROOT)/Developer/Library/Frameworks",
					"$(inherited)",
				);
				INFOPLIST_FILE = VideoDatingTests/Info.plist;
				LD_RUNPATH_SEARCH_PATHS = "$(inherited) @executable_path/Frameworks @loader_path/Frameworks";
				PRODUCT_NAME = "$(TARGET_NAME)";
				TEST_HOST = "$(BUILT_PRODUCTS_DIR)/VideoDating.app/VideoDating";
			};
			name = Release;
		};
/* End XCBuildConfiguration section */

/* Begin XCConfigurationList section */
		91B1B4F71B45C38B00958D38 /* Build configuration list for PBXProject "VideoDating" */ = {
			isa = XCConfigurationList;
			buildConfigurations = (
				91B1B5191B45C38B00958D38 /* Debug */,
				91B1B51A1B45C38B00958D38 /* Release */,
			);
			defaultConfigurationIsVisible = 0;
			defaultConfigurationName = Release;
		};
		91B1B51B1B45C38B00958D38 /* Build configuration list for PBXNativeTarget "VideoDating" */ = {
			isa = XCConfigurationList;
			buildConfigurations = (
				91B1B51C1B45C38B00958D38 /* Debug */,
				91B1B51D1B45C38B00958D38 /* Release */,
			);
			defaultConfigurationIsVisible = 0;
			defaultConfigurationName = Release;
		};
		91B1B51E1B45C38B00958D38 /* Build configuration list for PBXNativeTarget "VideoDatingTests" */ = {
			isa = XCConfigurationList;
			buildConfigurations = (
				91B1B51F1B45C38B00958D38 /* Debug */,
				91B1B5201B45C38B00958D38 /* Release */,
			);
			defaultConfigurationIsVisible = 0;
			defaultConfigurationName = Release;
		};
/* End XCConfigurationList section */
	};
	rootObject = 91B1B4F41B45C38B00958D38 /* Project object */;
}
